
Microsoft Visual Studio Solution File, Format Version 12.00
# Visual Studio 15
VisualStudioVersion = 15.0.27130.2036
MinimumVisualStudioVersion = 10.0.40219.1
Project("{FAE04EC0-301F-11D3-BF4B-00C04F79EFBC}") = "InterViewStuff", "InterViewStuff\InterViewStuff.csproj", "{180B8654-F218-4DA4-AB1E-7A0945A4A4F9}"
EndProject
Project("{FAE04EC0-301F-11D3-BF4B-00C04F79EFBC}") = "InterViewStuffTests", "InterViewStuffTests\InterViewStuffTests.csproj", "{C84BF236-83E9-4847-BB82-DC7E679D5AE8}"
EndProject
Project("{FAE04EC0-301F-11D3-BF4B-00C04F79EFBC}") = "Examples_EventLog", "Examples_EventLog\Examples_EventLog.csproj", "{35D4480E-52BC-441B-889A-92D7FD43D067}"
EndProject
Project("{FAE04EC0-301F-11D3-BF4B-00C04F79EFBC}") = "Examples_MultiThreading", "Examples_MultiThreading\Examples_MultiThreading.csproj", "{7086D452-6552-418F-8E52-1F811B140D29}"
EndProject
Project("{FAE04EC0-301F-11D3-BF4B-00C04F79EFBC}") = "Examples_Reflection", "Examples_Reflection\Examples_Reflection.csproj", "{5601387B-D8C3-4AC9-A458-0281C76A69A6}"
EndProject
Project("{FAE04EC0-301F-11D3-BF4B-00C04F79EFBC}") = "Examples_Reflectiondll", "Examples_ReflectionDll\Examples_Reflectiondll.csproj", "{615935AB-3FF2-4266-AEE7-385D2E98133B}"
EndProject
Project("{FAE04EC0-301F-11D3-BF4B-00C04F79EFBC}") = "Examples_Security", "Examples_Security\Examples_Security.csproj", "{A3D2B1A9-F7EE-42C1-8559-A245569E82E0}"
EndProject
Project("{FAE04EC0-301F-11D3-BF4B-00C04F79EFBC}") = "Examples_OO", "Examples_OO\Examples_OO.csproj", "{594FEC83-51BD-44EB-9640-CCEA72F9FB73}"
EndProject
Project("{FAE04EC0-301F-11D3-BF4B-00C04F79EFBC}") = "Examples_IO", "Examples_IO\Examples_IO.csproj", "{C213F0C2-DCB0-4CDA-BB23-3B303EFA7E64}"
EndProject
Project("{FAE04EC0-301F-11D3-BF4B-00C04F79EFBC}") = "Examples_MySql", "Examples_MySql\Examples_MySql.csproj", "{CF62A1E6-82BE-4B73-8292-1C32F1A2BE13}"
EndProject
Project("{FAE04EC0-301F-11D3-BF4B-00C04F79EFBC}") = "Examples_CSharp", "Examples_CSharp\Examples_CSharp.csproj", "{87A3D3D7-4F74-4C01-A7BE-2CFAE4BAE75D}"
EndProject
Project("{FAE04EC0-301F-11D3-BF4B-00C04F79EFBC}") = "Examples_ClassicAlgorithm", "Examples_ClassicAlgorithm\Examples_ClassicAlgorithm.csproj", "{567221E1-B255-4A24-8EDC-6C95E77A9944}"
EndProject
Project("{FAE04EC0-301F-11D3-BF4B-00C04F79EFBC}") = "Examples_Regex", "Examples_Regex\Examples_Regex.csproj", "{7588DB98-DAD4-474B-A772-4A863F1E08AF}"
EndProject
Project("{FAE04EC0-301F-11D3-BF4B-00C04F79EFBC}") = "Examples_ClassicAlgorithmTests", "Examples_ClassicAlgorithmTests\Examples_ClassicAlgorithmTests.csproj", "{056B2EF6-C770-4C15-9AE4-E15E2601E7B9}"
EndProject
Project("{FAE04EC0-301F-11D3-BF4B-00C04F79EFBC}") = "Examples_MSQueue", "Examples_MSQueue\Examples_MSQueue.csproj", "{1182D8BB-F28F-48B2-853C-00E80F98EEB9}"
EndProject
Project("{FAE04EC0-301F-11D3-BF4B-00C04F79EFBC}") = "Examples_MSQueueHelp", "Examples_MSQueueHelp\Examples_MSQueueHelp.csproj", "{1B23FFA0-579C-4DD2-A192-D2D2971E2BFA}"
EndProject
Project("{FAE04EC0-301F-11D3-BF4B-00C04F79EFBC}") = "Examples_MD5", "Examples_MD5\Examples_MD5.csproj", "{E9C29786-3A4D-4504-B629-AADDD55F5B34}"
EndProject
Project("{FAE04EC0-301F-11D3-BF4B-00C04F79EFBC}") = "Examples_NPOI", "Examples_NPOI\Examples_NPOI.csproj", "{DCCDF1F9-EF30-41F1-B3ED-08D768715E9A}"
EndProject
Project("{FAE04EC0-301F-11D3-BF4B-00C04F79EFBC}") = "Examples_WebCrawler", "Examples_WebCrawler\Examples_WebCrawler.csproj", "{97BBA731-4FFA-47B0-A835-C282EED1E788}"
EndProject
Project("{FAE04EC0-301F-11D3-BF4B-00C04F79EFBC}") = "Examples_String", "Examples_String\Examples_String.csproj", "{8012CC8B-32E6-4DE7-8F0C-CD2300FA1349}"
EndProject
Project("{FAE04EC0-301F-11D3-BF4B-00C04F79EFBC}") = "Examples_IoC", "Examples_IoC\Examples_IoC.csproj", "{590BC90E-AADA-4D22-8274-11EA80189D9F}"
EndProject
Project("{FAE04EC0-301F-11D3-BF4B-00C04F79EFBC}") = "Examples_MathNET", "Examples_MathNET\Examples_MathNET.csproj", "{1FED360C-7F97-4F16-BA6D-B63F20DC4F8F}"
EndProject
Project("{FAE04EC0-301F-11D3-BF4B-00C04F79EFBC}") = "Examples_Url", "Examples_Url\Examples_Url.csproj", "{A0473AF2-758C-4D7B-8431-BB9BFCE11721}"
EndProject
Project("{FAE04EC0-301F-11D3-BF4B-00C04F79EFBC}") = "Examples_Socket", "Examples_Socket\Examples_Socket.csproj", "{E64CAC20-2366-42B2-9507-66CC5DA77FC1}"
EndProject
Project("{FAE04EC0-301F-11D3-BF4B-00C04F79EFBC}") = "Examples_Email", "Examples_Email\Examples_Email.csproj", "{72EA0850-F24D-480B-90AD-3F69B2AA9DCD}"
EndProject
Project("{FAE04EC0-301F-11D3-BF4B-00C04F79EFBC}") = "Examples_Serialization", "Examples_Serialization\Examples_Serialization.csproj", "{946B6ECF-E340-412D-97B5-B671212151AC}"
EndProject
Project("{FAE04EC0-301F-11D3-BF4B-00C04F79EFBC}") = "Examples_Collections", "Examples_Collections\Examples_Collections.csproj", "{BF43A762-D031-445B-B794-C0033C560A6E}"
EndProject
Global
	GlobalSection(SolutionConfigurationPlatforms) = preSolution
		Debug|Any CPU = Debug|Any CPU
		Release|Any CPU = Release|Any CPU
	EndGlobalSection
	GlobalSection(ProjectConfigurationPlatforms) = postSolution
		{180B8654-F218-4DA4-AB1E-7A0945A4A4F9}.Debug|Any CPU.ActiveCfg = Debug|Any CPU
		{180B8654-F218-4DA4-AB1E-7A0945A4A4F9}.Debug|Any CPU.Build.0 = Debug|Any CPU
		{180B8654-F218-4DA4-AB1E-7A0945A4A4F9}.Release|Any CPU.ActiveCfg = Release|Any CPU
		{180B8654-F218-4DA4-AB1E-7A0945A4A4F9}.Release|Any CPU.Build.0 = Release|Any CPU
		{C84BF236-83E9-4847-BB82-DC7E679D5AE8}.Debug|Any CPU.ActiveCfg = Debug|Any CPU
		{C84BF236-83E9-4847-BB82-DC7E679D5AE8}.Debug|Any CPU.Build.0 = Debug|Any CPU
		{C84BF236-83E9-4847-BB82-DC7E679D5AE8}.Release|Any CPU.ActiveCfg = Release|Any CPU
		{C84BF236-83E9-4847-BB82-DC7E679D5AE8}.Release|Any CPU.Build.0 = Release|Any CPU
		{35D4480E-52BC-441B-889A-92D7FD43D067}.Debug|Any CPU.ActiveCfg = Debug|Any CPU
		{35D4480E-52BC-441B-889A-92D7FD43D067}.Debug|Any CPU.Build.0 = Debug|Any CPU
		{35D4480E-52BC-441B-889A-92D7FD43D067}.Release|Any CPU.ActiveCfg = Release|Any CPU
		{35D4480E-52BC-441B-889A-92D7FD43D067}.Release|Any CPU.Build.0 = Release|Any CPU
		{7086D452-6552-418F-8E52-1F811B140D29}.Debug|Any CPU.ActiveCfg = Debug|Any CPU
		{7086D452-6552-418F-8E52-1F811B140D29}.Debug|Any CPU.Build.0 = Debug|Any CPU
		{7086D452-6552-418F-8E52-1F811B140D29}.Release|Any CPU.ActiveCfg = Release|Any CPU
		{7086D452-6552-418F-8E52-1F811B140D29}.Release|Any CPU.Build.0 = Release|Any CPU
		{5601387B-D8C3-4AC9-A458-0281C76A69A6}.Debug|Any CPU.ActiveCfg = Debug|Any CPU
		{5601387B-D8C3-4AC9-A458-0281C76A69A6}.Debug|Any CPU.Build.0 = Debug|Any CPU
		{5601387B-D8C3-4AC9-A458-0281C76A69A6}.Release|Any CPU.ActiveCfg = Release|Any CPU
		{5601387B-D8C3-4AC9-A458-0281C76A69A6}.Release|Any CPU.Build.0 = Release|Any CPU
		{615935AB-3FF2-4266-AEE7-385D2E98133B}.Debug|Any CPU.ActiveCfg = Debug|Any CPU
		{615935AB-3FF2-4266-AEE7-385D2E98133B}.Debug|Any CPU.Build.0 = Debug|Any CPU
		{615935AB-3FF2-4266-AEE7-385D2E98133B}.Release|Any CPU.ActiveCfg = Release|Any CPU
		{615935AB-3FF2-4266-AEE7-385D2E98133B}.Release|Any CPU.Build.0 = Release|Any CPU
		{A3D2B1A9-F7EE-42C1-8559-A245569E82E0}.Debug|Any CPU.ActiveCfg = Debug|Any CPU
		{A3D2B1A9-F7EE-42C1-8559-A245569E82E0}.Debug|Any CPU.Build.0 = Debug|Any CPU
		{A3D2B1A9-F7EE-42C1-8559-A245569E82E0}.Release|Any CPU.ActiveCfg = Release|Any CPU
		{A3D2B1A9-F7EE-42C1-8559-A245569E82E0}.Release|Any CPU.Build.0 = Release|Any CPU
		{594FEC83-51BD-44EB-9640-CCEA72F9FB73}.Debug|Any CPU.ActiveCfg = Debug|Any CPU
		{594FEC83-51BD-44EB-9640-CCEA72F9FB73}.Debug|Any CPU.Build.0 = Debug|Any CPU
		{594FEC83-51BD-44EB-9640-CCEA72F9FB73}.Release|Any CPU.ActiveCfg = Release|Any CPU
		{594FEC83-51BD-44EB-9640-CCEA72F9FB73}.Release|Any CPU.Build.0 = Release|Any CPU
		{C213F0C2-DCB0-4CDA-BB23-3B303EFA7E64}.Debug|Any CPU.ActiveCfg = Debug|Any CPU
		{C213F0C2-DCB0-4CDA-BB23-3B303EFA7E64}.Debug|Any CPU.Build.0 = Debug|Any CPU
		{C213F0C2-DCB0-4CDA-BB23-3B303EFA7E64}.Release|Any CPU.ActiveCfg = Release|Any CPU
		{C213F0C2-DCB0-4CDA-BB23-3B303EFA7E64}.Release|Any CPU.Build.0 = Release|Any CPU
		{CF62A1E6-82BE-4B73-8292-1C32F1A2BE13}.Debug|Any CPU.ActiveCfg = Debug|Any CPU
		{CF62A1E6-82BE-4B73-8292-1C32F1A2BE13}.Debug|Any CPU.Build.0 = Debug|Any CPU
		{CF62A1E6-82BE-4B73-8292-1C32F1A2BE13}.Release|Any CPU.ActiveCfg = Release|Any CPU
		{CF62A1E6-82BE-4B73-8292-1C32F1A2BE13}.Release|Any CPU.Build.0 = Release|Any CPU
		{87A3D3D7-4F74-4C01-A7BE-2CFAE4BAE75D}.Debug|Any CPU.ActiveCfg = Debug|Any CPU
		{87A3D3D7-4F74-4C01-A7BE-2CFAE4BAE75D}.Debug|Any CPU.Build.0 = Debug|Any CPU
		{87A3D3D7-4F74-4C01-A7BE-2CFAE4BAE75D}.Release|Any CPU.ActiveCfg = Release|Any CPU
		{87A3D3D7-4F74-4C01-A7BE-2CFAE4BAE75D}.Release|Any CPU.Build.0 = Release|Any CPU
		{567221E1-B255-4A24-8EDC-6C95E77A9944}.Debug|Any CPU.ActiveCfg = Debug|Any CPU
		{567221E1-B255-4A24-8EDC-6C95E77A9944}.Debug|Any CPU.Build.0 = Debug|Any CPU
		{567221E1-B255-4A24-8EDC-6C95E77A9944}.Release|Any CPU.ActiveCfg = Release|Any CPU
		{567221E1-B255-4A24-8EDC-6C95E77A9944}.Release|Any CPU.Build.0 = Release|Any CPU
		{7588DB98-DAD4-474B-A772-4A863F1E08AF}.Debug|Any CPU.ActiveCfg = Debug|Any CPU
		{7588DB98-DAD4-474B-A772-4A863F1E08AF}.Debug|Any CPU.Build.0 = Debug|Any CPU
		{7588DB98-DAD4-474B-A772-4A863F1E08AF}.Release|Any CPU.ActiveCfg = Release|Any CPU
		{7588DB98-DAD4-474B-A772-4A863F1E08AF}.Release|Any CPU.Build.0 = Release|Any CPU
		{056B2EF6-C770-4C15-9AE4-E15E2601E7B9}.Debug|Any CPU.ActiveCfg = Debug|Any CPU
		{056B2EF6-C770-4C15-9AE4-E15E2601E7B9}.Debug|Any CPU.Build.0 = Debug|Any CPU
		{056B2EF6-C770-4C15-9AE4-E15E2601E7B9}.Release|Any CPU.ActiveCfg = Release|Any CPU
		{056B2EF6-C770-4C15-9AE4-E15E2601E7B9}.Release|Any CPU.Build.0 = Release|Any CPU
		{1182D8BB-F28F-48B2-853C-00E80F98EEB9}.Debug|Any CPU.ActiveCfg = Debug|Any CPU
		{1182D8BB-F28F-48B2-853C-00E80F98EEB9}.Debug|Any CPU.Build.0 = Debug|Any CPU
		{1182D8BB-F28F-48B2-853C-00E80F98EEB9}.Release|Any CPU.ActiveCfg = Release|Any CPU
		{1182D8BB-F28F-48B2-853C-00E80F98EEB9}.Release|Any CPU.Build.0 = Release|Any CPU
		{1B23FFA0-579C-4DD2-A192-D2D2971E2BFA}.Debug|Any CPU.ActiveCfg = Debug|Any CPU
		{1B23FFA0-579C-4DD2-A192-D2D2971E2BFA}.Debug|Any CPU.Build.0 = Debug|Any CPU
		{1B23FFA0-579C-4DD2-A192-D2D2971E2BFA}.Release|Any CPU.ActiveCfg = Release|Any CPU
		{1B23FFA0-579C-4DD2-A192-D2D2971E2BFA}.Release|Any CPU.Build.0 = Release|Any CPU
		{E9C29786-3A4D-4504-B629-AADDD55F5B34}.Debug|Any CPU.ActiveCfg = Debug|Any CPU
		{E9C29786-3A4D-4504-B629-AADDD55F5B34}.Debug|Any CPU.Build.0 = Debug|Any CPU
		{E9C29786-3A4D-4504-B629-AADDD55F5B34}.Release|Any CPU.ActiveCfg = Release|Any CPU
		{E9C29786-3A4D-4504-B629-AADDD55F5B34}.Release|Any CPU.Build.0 = Release|Any CPU
		{DCCDF1F9-EF30-41F1-B3ED-08D768715E9A}.Debug|Any CPU.ActiveCfg = Debug|Any CPU
		{DCCDF1F9-EF30-41F1-B3ED-08D768715E9A}.Debug|Any CPU.Build.0 = Debug|Any CPU
		{DCCDF1F9-EF30-41F1-B3ED-08D768715E9A}.Release|Any CPU.ActiveCfg = Release|Any CPU
		{DCCDF1F9-EF30-41F1-B3ED-08D768715E9A}.Release|Any CPU.Build.0 = Release|Any CPU
		{97BBA731-4FFA-47B0-A835-C282EED1E788}.Debug|Any CPU.ActiveCfg = Debug|Any CPU
		{97BBA731-4FFA-47B0-A835-C282EED1E788}.Debug|Any CPU.Build.0 = Debug|Any CPU
		{97BBA731-4FFA-47B0-A835-C282EED1E788}.Release|Any CPU.ActiveCfg = Release|Any CPU
		{97BBA731-4FFA-47B0-A835-C282EED1E788}.Release|Any CPU.Build.0 = Release|Any CPU
		{8012CC8B-32E6-4DE7-8F0C-CD2300FA1349}.Debug|Any CPU.ActiveCfg = Debug|Any CPU
		{8012CC8B-32E6-4DE7-8F0C-CD2300FA1349}.Debug|Any CPU.Build.0 = Debug|Any CPU
		{8012CC8B-32E6-4DE7-8F0C-CD2300FA1349}.Release|Any CPU.ActiveCfg = Release|Any CPU
		{8012CC8B-32E6-4DE7-8F0C-CD2300FA1349}.Release|Any CPU.Build.0 = Release|Any CPU
		{590BC90E-AADA-4D22-8274-11EA80189D9F}.Debug|Any CPU.ActiveCfg = Debug|Any CPU
		{590BC90E-AADA-4D22-8274-11EA80189D9F}.Debug|Any CPU.Build.0 = Debug|Any CPU
		{590BC90E-AADA-4D22-8274-11EA80189D9F}.Release|Any CPU.ActiveCfg = Release|Any CPU
		{590BC90E-AADA-4D22-8274-11EA80189D9F}.Release|Any CPU.Build.0 = Release|Any CPU
		{1FED360C-7F97-4F16-BA6D-B63F20DC4F8F}.Debug|Any CPU.ActiveCfg = Debug|Any CPU
		{1FED360C-7F97-4F16-BA6D-B63F20DC4F8F}.Debug|Any CPU.Build.0 = Debug|Any CPU
		{1FED360C-7F97-4F16-BA6D-B63F20DC4F8F}.Release|Any CPU.ActiveCfg = Release|Any CPU
		{1FED360C-7F97-4F16-BA6D-B63F20DC4F8F}.Release|Any CPU.Build.0 = Release|Any CPU
		{A0473AF2-758C-4D7B-8431-BB9BFCE11721}.Debug|Any CPU.ActiveCfg = Debug|Any CPU
		{A0473AF2-758C-4D7B-8431-BB9BFCE11721}.Debug|Any CPU.Build.0 = Debug|Any CPU
		{A0473AF2-758C-4D7B-8431-BB9BFCE11721}.Release|Any CPU.ActiveCfg = Release|Any CPU
		{A0473AF2-758C-4D7B-8431-BB9BFCE11721}.Release|Any CPU.Build.0 = Release|Any CPU
		{E64CAC20-2366-42B2-9507-66CC5DA77FC1}.Debug|Any CPU.ActiveCfg = Debug|Any CPU
		{E64CAC20-2366-42B2-9507-66CC5DA77FC1}.Debug|Any CPU.Build.0 = Debug|Any CPU
		{E64CAC20-2366-42B2-9507-66CC5DA77FC1}.Release|Any CPU.ActiveCfg = Release|Any CPU
		{E64CAC20-2366-42B2-9507-66CC5DA77FC1}.Release|Any CPU.Build.0 = Release|Any CPU
		{72EA0850-F24D-480B-90AD-3F69B2AA9DCD}.Debug|Any CPU.ActiveCfg = Debug|Any CPU
		{72EA0850-F24D-480B-90AD-3F69B2AA9DCD}.Debug|Any CPU.Build.0 = Debug|Any CPU
		{72EA0850-F24D-480B-90AD-3F69B2AA9DCD}.Release|Any CPU.ActiveCfg = Release|Any CPU
		{72EA0850-F24D-480B-90AD-3F69B2AA9DCD}.Release|Any CPU.Build.0 = Release|Any CPU
		{946B6ECF-E340-412D-97B5-B671212151AC}.Debug|Any CPU.ActiveCfg = Debug|Any CPU
		{946B6ECF-E340-412D-97B5-B671212151AC}.Debug|Any CPU.Build.0 = Debug|Any CPU
		{946B6ECF-E340-412D-97B5-B671212151AC}.Release|Any CPU.ActiveCfg = Release|Any CPU
		{946B6ECF-E340-412D-97B5-B671212151AC}.Release|Any CPU.Build.0 = Release|Any CPU
		{BF43A762-D031-445B-B794-C0033C560A6E}.Debug|Any CPU.ActiveCfg = Debug|Any CPU
		{BF43A762-D031-445B-B794-C0033C560A6E}.Debug|Any CPU.Build.0 = Debug|Any CPU
		{BF43A762-D031-445B-B794-C0033C560A6E}.Release|Any CPU.ActiveCfg = Release|Any CPU
		{BF43A762-D031-445B-B794-C0033C560A6E}.Release|Any CPU.Build.0 = Release|Any CPU
	EndGlobalSection
	GlobalSection(SolutionProperties) = preSolution
		HideSolutionNode = FALSE
	EndGlobalSection
	GlobalSection(ExtensibilityGlobals) = postSolution
		SolutionGuid = {611D7667-3FA6-4D4A-8C94-0966DA74DCDF}
	EndGlobalSection
EndGlobal
