
Microsoft Visual Studio Solution File, Format Version 12.00
# Visual Studio Version 16
VisualStudioVersion = 16.0.31613.86
MinimumVisualStudioVersion = 10.0.40219.1
Project("{FAE04EC0-301F-11D3-BF4B-00C04F79EFBC}") = "Examples_EventLog", "Examples_EventLog\Examples_EventLog.csproj", "{35D4480E-52BC-441B-889A-92D7FD43D067}"
EndProject
Project("{FAE04EC0-301F-11D3-BF4B-00C04F79EFBC}") = "Examples_MultiThreading", "Examples_MultiThreading\Examples_MultiThreading.csproj", "{7086D452-6552-418F-8E52-1F811B140D29}"
EndProject
Project("{FAE04EC0-301F-11D3-BF4B-00C04F79EFBC}") = "Examples_Reflection", "Examples_Reflection\Examples_Reflection.csproj", "{5601387B-D8C3-4AC9-A458-0281C76A69A6}"
EndProject
Project("{FAE04EC0-301F-11D3-BF4B-00C04F79EFBC}") = "Examples_Reflectiondll", "Examples_ReflectionDll\Examples_Reflectiondll.csproj", "{615935AB-3FF2-4266-AEE7-385D2E98133B}"
EndProject
Project("{FAE04EC0-301F-11D3-BF4B-00C04F79EFBC}") = "Examples_Security", "Examples_Security\Examples_Security.csproj", "{A3D2B1A9-F7EE-42C1-8559-A245569E82E0}"
EndProject
Project("{FAE04EC0-301F-11D3-BF4B-00C04F79EFBC}") = "Examples_OO", "Examples_OO\Examples_OO.csproj", "{594FEC83-51BD-44EB-9640-CCEA72F9FB73}"
EndProject
Project("{FAE04EC0-301F-11D3-BF4B-00C04F79EFBC}") = "Examples_IO", "Examples_IO\Examples_IO.csproj", "{C213F0C2-DCB0-4CDA-BB23-3B303EFA7E64}"
EndProject
Project("{FAE04EC0-301F-11D3-BF4B-00C04F79EFBC}") = "Examples_MySql", "Examples_MySql\Examples_MySql.csproj", "{CF62A1E6-82BE-4B73-8292-1C32F1A2BE13}"
EndProject
Project("{FAE04EC0-301F-11D3-BF4B-00C04F79EFBC}") = "Examples_CSharp", "Examples_CSharp\Examples_CSharp.csproj", "{87A3D3D7-4F74-4C01-A7BE-2CFAE4BAE75D}"
EndProject
Project("{FAE04EC0-301F-11D3-BF4B-00C04F79EFBC}") = "Examples_Regex", "Examples_Regex\Examples_Regex.csproj", "{7588DB98-DAD4-474B-A772-4A863F1E08AF}"
EndProject
Project("{FAE04EC0-301F-11D3-BF4B-00C04F79EFBC}") = "Examples_MSQueue", "Examples_MSQueue\Examples_MSQueue.csproj", "{1182D8BB-F28F-48B2-853C-00E80F98EEB9}"
EndProject
Project("{FAE04EC0-301F-11D3-BF4B-00C04F79EFBC}") = "Examples_MSQueueHelp", "Examples_MSQueueHelp\Examples_MSQueueHelp.csproj", "{1B23FFA0-579C-4DD2-A192-D2D2971E2BFA}"
EndProject
Project("{FAE04EC0-301F-11D3-BF4B-00C04F79EFBC}") = "Examples_MD5", "Examples_MD5\Examples_MD5.csproj", "{E9C29786-3A4D-4504-B629-AADDD55F5B34}"
EndProject
Project("{FAE04EC0-301F-11D3-BF4B-00C04F79EFBC}") = "Examples_NPOI", "Examples_NPOI\Examples_NPOI.csproj", "{DCCDF1F9-EF30-41F1-B3ED-08D768715E9A}"
EndProject
Project("{FAE04EC0-301F-11D3-BF4B-00C04F79EFBC}") = "Examples_WebCrawler", "Examples_WebCrawler\Examples_WebCrawler.csproj", "{97BBA731-4FFA-47B0-A835-C282EED1E788}"
EndProject
Project("{FAE04EC0-301F-11D3-BF4B-00C04F79EFBC}") = "Examples_String", "Examples_String\Examples_String.csproj", "{8012CC8B-32E6-4DE7-8F0C-CD2300FA1349}"
EndProject
Project("{FAE04EC0-301F-11D3-BF4B-00C04F79EFBC}") = "Examples_IoC", "Examples_IoC\Examples_IoC.csproj", "{590BC90E-AADA-4D22-8274-11EA80189D9F}"
EndProject
Project("{FAE04EC0-301F-11D3-BF4B-00C04F79EFBC}") = "Examples_MathNET", "Examples_MathNET\Examples_MathNET.csproj", "{1FED360C-7F97-4F16-BA6D-B63F20DC4F8F}"
EndProject
Project("{FAE04EC0-301F-11D3-BF4B-00C04F79EFBC}") = "Examples_Url", "Examples_Url\Examples_Url.csproj", "{A0473AF2-758C-4D7B-8431-BB9BFCE11721}"
EndProject
Project("{FAE04EC0-301F-11D3-BF4B-00C04F79EFBC}") = "Examples_Socket", "Examples_Socket\Examples_Socket.csproj", "{E64CAC20-2366-42B2-9507-66CC5DA77FC1}"
EndProject
Project("{FAE04EC0-301F-11D3-BF4B-00C04F79EFBC}") = "Examples_Email", "Examples_Email\Examples_Email.csproj", "{72EA0850-F24D-480B-90AD-3F69B2AA9DCD}"
EndProject
Project("{FAE04EC0-301F-11D3-BF4B-00C04F79EFBC}") = "Examples_Serialization", "Examples_Serialization\Examples_Serialization.csproj", "{946B6ECF-E340-412D-97B5-B671212151AC}"
EndProject
Project("{FAE04EC0-301F-11D3-BF4B-00C04F79EFBC}") = "Examples_Collections", "Examples_Collections\Examples_Collections.csproj", "{BF43A762-D031-445B-B794-C0033C560A6E}"
EndProject
Project("{FAE04EC0-301F-11D3-BF4B-00C04F79EFBC}") = "Examples_OAuth", "Examples_OAuth\Examples_OAuth.csproj", "{15EC217A-C12D-4898-B904-934CAFEC618D}"
EndProject
Project("{FAE04EC0-301F-11D3-BF4B-00C04F79EFBC}") = "Examples_NPlot", "Examples_NPlot\Examples_NPlot.csproj", "{F5DAB069-4374-4E18-8ADE-15C5AE72CA99}"
EndProject
Project("{FAE04EC0-301F-11D3-BF4B-00C04F79EFBC}") = "Examples_Log4net", "Examples_Log4net\Examples_Log4net.csproj", "{2F3F0321-7093-4C88-8F2E-1D7FD6B1C12C}"
EndProject
Project("{FAE04EC0-301F-11D3-BF4B-00C04F79EFBC}") = "Examples_Process", "Examples_Process\Examples_Process.csproj", "{1354F6EE-362F-47C4-B2FC-81969D7C68A1}"
EndProject
Project("{FAE04EC0-301F-11D3-BF4B-00C04F79EFBC}") = "Examples_Pdf", "Examples_Pdf\Examples_Pdf.csproj", "{B52465C6-D735-46E8-A885-5F3B7EA25E70}"
EndProject
Project("{FAE04EC0-301F-11D3-BF4B-00C04F79EFBC}") = "Examples_QRCode", "Examples_QRCode\Examples_QRCode.csproj", "{BF90EE0A-A4B4-4718-8454-15A4F815644C}"
EndProject
Project("{2150E333-8FDC-42A3-9474-1A3956D46DE8}") = "CSharp", "CSharp", "{A2F113C8-9C81-4A5A-B2A9-8A57053DCDC6}"
EndProject
Project("{2150E333-8FDC-42A3-9474-1A3956D46DE8}") = "Components", "Components", "{1196D6D9-DFC7-42A3-B76C-DF1D77BE8228}"
EndProject
Project("{FAE04EC0-301F-11D3-BF4B-00C04F79EFBC}") = "Examples_DocX", "Examples_DocX\Examples_DocX.csproj", "{6CCD63E2-A66C-4D90-B7F3-375C4EF09EB5}"
EndProject
Project("{FAE04EC0-301F-11D3-BF4B-00C04F79EFBC}") = "Examples_QuartzNet", "Examples_QuartzNet\Examples_QuartzNet.csproj", "{60A9A633-5A22-49C5-AE4D-A50576C424D4}"
EndProject
Project("{FAE04EC0-301F-11D3-BF4B-00C04F79EFBC}") = "Examples_DotNetZip", "Examples_DotNetZip\Examples_DotNetZip.csproj", "{033F737E-17BC-4602-97AD-318503D0B872}"
EndProject
Project("{FAE04EC0-301F-11D3-BF4B-00C04F79EFBC}") = "Examples_SharpZipLib", "Examples_SharpZipLib\Examples_SharpZipLib.csproj", "{53EF0A77-C65B-48D7-84FD-13043696A77A}"
EndProject
Project("{FAE04EC0-301F-11D3-BF4B-00C04F79EFBC}") = "Examples_RabbitMQ", "Examples_RabbitMQ\Examples_RabbitMQ.csproj", "{D9F4B632-D458-43F4-94CB-5FAFBD41F545}"
EndProject
Project("{FAE04EC0-301F-11D3-BF4B-00C04F79EFBC}") = "Examples_Sqlite", "Examples_Sqlite\Examples_Sqlite.csproj", "{5001C4AF-9FA5-4888-8A7D-A0881F21717D}"
EndProject
Project("{FAE04EC0-301F-11D3-BF4B-00C04F79EFBC}") = "Examples_NLog", "Examples_NLog\Examples_NLog.csproj", "{D78A7C1A-9287-4532-8488-0017E55A9CC3}"
EndProject
Project("{FAE04EC0-301F-11D3-BF4B-00C04F79EFBC}") = "Examples_Timers", "Examples_Timers\Examples_Timers.csproj", "{860EC73C-F036-4807-A0B3-5B946849BD88}"
EndProject
Project("{FAE04EC0-301F-11D3-BF4B-00C04F79EFBC}") = "Examples_InterViewStuff", "InterViewStuff\Examples_InterViewStuff.csproj", "{180B8654-F218-4DA4-AB1E-7A0945A4A4F9}"
EndProject
Project("{2150E333-8FDC-42A3-9474-1A3956D46DE8}") = "Database", "Database", "{FD252076-E83F-48F3-994F-6C7CE3D5FE32}"
EndProject
Project("{9A19103F-16F7-4668-BE54-9A1E7A4F7556}") = "Examples_EFCore", "Examples_EFCore\Examples_EFCore.csproj", "{BF2F6F5E-7544-4B85-B377-4127C7ABFA90}"
EndProject
Project("{FAE04EC0-301F-11D3-BF4B-00C04F79EFBC}") = "Examples_Wpf", "Examples_WPF\Examples_Wpf.csproj", "{BAE7B9DB-6696-4AE0-B3F0-E6761AA704E1}"
EndProject
Project("{FAE04EC0-301F-11D3-BF4B-00C04F79EFBC}") = "Examples_Wpf_DataGridRowIndex", "Examples_WPF_DataGridRowIndex\Examples_Wpf_DataGridRowIndex.csproj", "{188FA1D1-33B8-44FE-AF08-5B4E44C2F395}"
EndProject
Project("{FAE04EC0-301F-11D3-BF4B-00C04F79EFBC}") = "Examples_Wpf_MaskDialog", "Examples_Wpf_MaskDialog\Examples_Wpf_MaskDialog.csproj", "{F5E6E2F3-58B7-4B75-9DFA-0AAF208E95DE}"
EndProject
Project("{2150E333-8FDC-42A3-9474-1A3956D46DE8}") = "Test", "Test", "{87D76731-E7C5-4CCA-9787-D981D11B7121}"
EndProject
Project("{2150E333-8FDC-42A3-9474-1A3956D46DE8}") = "Wpf", "Wpf", "{9D372F2B-7DBC-41C4-9DA0-FD277F51991E}"
EndProject
Project("{FAE04EC0-301F-11D3-BF4B-00C04F79EFBC}") = "Examples_BBQ", "Examples_BBQ\Examples_BBQ.csproj", "{888F9040-AB0C-43F6-BB3C-07868C8CA149}"
EndProject
Project("{FAE04EC0-301F-11D3-BF4B-00C04F79EFBC}") = "Examples_BBQTests", "Examples_BBQTests\Examples_BBQTests.csproj", "{19CF583C-DC71-468C-8169-7DFB6727C736}"
EndProject
Project("{FAE04EC0-301F-11D3-BF4B-00C04F79EFBC}") = "Examples_Exceptions", "Examples_Exceptions\Examples_Exceptions.csproj", "{327F78A4-CA98-419C-9CE5-43F7BB55A808}"
EndProject
Project("{FAE04EC0-301F-11D3-BF4B-00C04F79EFBC}") = "Examples_Encode", "Examples_Encode\Examples_Encode.csproj", "{5A6A8886-5B8A-4DB8-A600-634C6238F9AA}"
EndProject
Global
	GlobalSection(SolutionConfigurationPlatforms) = preSolution
		Debug|Any CPU = Debug|Any CPU
		Release|Any CPU = Release|Any CPU
	EndGlobalSection
	GlobalSection(ProjectConfigurationPlatforms) = postSolution
		{35D4480E-52BC-441B-889A-92D7FD43D067}.Debug|Any CPU.ActiveCfg = Debug|Any CPU
		{35D4480E-52BC-441B-889A-92D7FD43D067}.Debug|Any CPU.Build.0 = Debug|Any CPU
		{35D4480E-52BC-441B-889A-92D7FD43D067}.Release|Any CPU.ActiveCfg = Release|Any CPU
		{35D4480E-52BC-441B-889A-92D7FD43D067}.Release|Any CPU.Build.0 = Release|Any CPU
		{7086D452-6552-418F-8E52-1F811B140D29}.Debug|Any CPU.ActiveCfg = Debug|Any CPU
		{7086D452-6552-418F-8E52-1F811B140D29}.Debug|Any CPU.Build.0 = Debug|Any CPU
		{7086D452-6552-418F-8E52-1F811B140D29}.Release|Any CPU.ActiveCfg = Release|Any CPU
		{7086D452-6552-418F-8E52-1F811B140D29}.Release|Any CPU.Build.0 = Release|Any CPU
		{5601387B-D8C3-4AC9-A458-0281C76A69A6}.Debug|Any CPU.ActiveCfg = Debug|Any CPU
		{5601387B-D8C3-4AC9-A458-0281C76A69A6}.Debug|Any CPU.Build.0 = Debug|Any CPU
		{5601387B-D8C3-4AC9-A458-0281C76A69A6}.Release|Any CPU.ActiveCfg = Release|Any CPU
		{5601387B-D8C3-4AC9-A458-0281C76A69A6}.Release|Any CPU.Build.0 = Release|Any CPU
		{615935AB-3FF2-4266-AEE7-385D2E98133B}.Debug|Any CPU.ActiveCfg = Debug|Any CPU
		{615935AB-3FF2-4266-AEE7-385D2E98133B}.Debug|Any CPU.Build.0 = Debug|Any CPU
		{615935AB-3FF2-4266-AEE7-385D2E98133B}.Release|Any CPU.ActiveCfg = Release|Any CPU
		{615935AB-3FF2-4266-AEE7-385D2E98133B}.Release|Any CPU.Build.0 = Release|Any CPU
		{A3D2B1A9-F7EE-42C1-8559-A245569E82E0}.Debug|Any CPU.ActiveCfg = Debug|Any CPU
		{A3D2B1A9-F7EE-42C1-8559-A245569E82E0}.Debug|Any CPU.Build.0 = Debug|Any CPU
		{A3D2B1A9-F7EE-42C1-8559-A245569E82E0}.Release|Any CPU.ActiveCfg = Release|Any CPU
		{A3D2B1A9-F7EE-42C1-8559-A245569E82E0}.Release|Any CPU.Build.0 = Release|Any CPU
		{594FEC83-51BD-44EB-9640-CCEA72F9FB73}.Debug|Any CPU.ActiveCfg = Debug|Any CPU
		{594FEC83-51BD-44EB-9640-CCEA72F9FB73}.Debug|Any CPU.Build.0 = Debug|Any CPU
		{594FEC83-51BD-44EB-9640-CCEA72F9FB73}.Release|Any CPU.ActiveCfg = Release|Any CPU
		{594FEC83-51BD-44EB-9640-CCEA72F9FB73}.Release|Any CPU.Build.0 = Release|Any CPU
		{C213F0C2-DCB0-4CDA-BB23-3B303EFA7E64}.Debug|Any CPU.ActiveCfg = Debug|Any CPU
		{C213F0C2-DCB0-4CDA-BB23-3B303EFA7E64}.Debug|Any CPU.Build.0 = Debug|Any CPU
		{C213F0C2-DCB0-4CDA-BB23-3B303EFA7E64}.Release|Any CPU.ActiveCfg = Release|Any CPU
		{C213F0C2-DCB0-4CDA-BB23-3B303EFA7E64}.Release|Any CPU.Build.0 = Release|Any CPU
		{CF62A1E6-82BE-4B73-8292-1C32F1A2BE13}.Debug|Any CPU.ActiveCfg = Debug|Any CPU
		{CF62A1E6-82BE-4B73-8292-1C32F1A2BE13}.Debug|Any CPU.Build.0 = Debug|Any CPU
		{CF62A1E6-82BE-4B73-8292-1C32F1A2BE13}.Release|Any CPU.ActiveCfg = Release|Any CPU
		{CF62A1E6-82BE-4B73-8292-1C32F1A2BE13}.Release|Any CPU.Build.0 = Release|Any CPU
		{87A3D3D7-4F74-4C01-A7BE-2CFAE4BAE75D}.Debug|Any CPU.ActiveCfg = Debug|Any CPU
		{87A3D3D7-4F74-4C01-A7BE-2CFAE4BAE75D}.Debug|Any CPU.Build.0 = Debug|Any CPU
		{87A3D3D7-4F74-4C01-A7BE-2CFAE4BAE75D}.Release|Any CPU.ActiveCfg = Release|Any CPU
		{87A3D3D7-4F74-4C01-A7BE-2CFAE4BAE75D}.Release|Any CPU.Build.0 = Release|Any CPU
		{7588DB98-DAD4-474B-A772-4A863F1E08AF}.Debug|Any CPU.ActiveCfg = Debug|Any CPU
		{7588DB98-DAD4-474B-A772-4A863F1E08AF}.Debug|Any CPU.Build.0 = Debug|Any CPU
		{7588DB98-DAD4-474B-A772-4A863F1E08AF}.Release|Any CPU.ActiveCfg = Release|Any CPU
		{7588DB98-DAD4-474B-A772-4A863F1E08AF}.Release|Any CPU.Build.0 = Release|Any CPU
		{1182D8BB-F28F-48B2-853C-00E80F98EEB9}.Debug|Any CPU.ActiveCfg = Debug|Any CPU
		{1182D8BB-F28F-48B2-853C-00E80F98EEB9}.Debug|Any CPU.Build.0 = Debug|Any CPU
		{1182D8BB-F28F-48B2-853C-00E80F98EEB9}.Release|Any CPU.ActiveCfg = Release|Any CPU
		{1182D8BB-F28F-48B2-853C-00E80F98EEB9}.Release|Any CPU.Build.0 = Release|Any CPU
		{1B23FFA0-579C-4DD2-A192-D2D2971E2BFA}.Debug|Any CPU.ActiveCfg = Debug|Any CPU
		{1B23FFA0-579C-4DD2-A192-D2D2971E2BFA}.Debug|Any CPU.Build.0 = Debug|Any CPU
		{1B23FFA0-579C-4DD2-A192-D2D2971E2BFA}.Release|Any CPU.ActiveCfg = Release|Any CPU
		{1B23FFA0-579C-4DD2-A192-D2D2971E2BFA}.Release|Any CPU.Build.0 = Release|Any CPU
		{E9C29786-3A4D-4504-B629-AADDD55F5B34}.Debug|Any CPU.ActiveCfg = Debug|Any CPU
		{E9C29786-3A4D-4504-B629-AADDD55F5B34}.Debug|Any CPU.Build.0 = Debug|Any CPU
		{E9C29786-3A4D-4504-B629-AADDD55F5B34}.Release|Any CPU.ActiveCfg = Release|Any CPU
		{E9C29786-3A4D-4504-B629-AADDD55F5B34}.Release|Any CPU.Build.0 = Release|Any CPU
		{DCCDF1F9-EF30-41F1-B3ED-08D768715E9A}.Debug|Any CPU.ActiveCfg = Debug|Any CPU
		{DCCDF1F9-EF30-41F1-B3ED-08D768715E9A}.Debug|Any CPU.Build.0 = Debug|Any CPU
		{DCCDF1F9-EF30-41F1-B3ED-08D768715E9A}.Release|Any CPU.ActiveCfg = Release|Any CPU
		{DCCDF1F9-EF30-41F1-B3ED-08D768715E9A}.Release|Any CPU.Build.0 = Release|Any CPU
		{97BBA731-4FFA-47B0-A835-C282EED1E788}.Debug|Any CPU.ActiveCfg = Debug|Any CPU
		{97BBA731-4FFA-47B0-A835-C282EED1E788}.Debug|Any CPU.Build.0 = Debug|Any CPU
		{97BBA731-4FFA-47B0-A835-C282EED1E788}.Release|Any CPU.ActiveCfg = Release|Any CPU
		{97BBA731-4FFA-47B0-A835-C282EED1E788}.Release|Any CPU.Build.0 = Release|Any CPU
		{8012CC8B-32E6-4DE7-8F0C-CD2300FA1349}.Debug|Any CPU.ActiveCfg = Debug|Any CPU
		{8012CC8B-32E6-4DE7-8F0C-CD2300FA1349}.Debug|Any CPU.Build.0 = Debug|Any CPU
		{8012CC8B-32E6-4DE7-8F0C-CD2300FA1349}.Release|Any CPU.ActiveCfg = Release|Any CPU
		{8012CC8B-32E6-4DE7-8F0C-CD2300FA1349}.Release|Any CPU.Build.0 = Release|Any CPU
		{590BC90E-AADA-4D22-8274-11EA80189D9F}.Debug|Any CPU.ActiveCfg = Debug|Any CPU
		{590BC90E-AADA-4D22-8274-11EA80189D9F}.Debug|Any CPU.Build.0 = Debug|Any CPU
		{590BC90E-AADA-4D22-8274-11EA80189D9F}.Release|Any CPU.ActiveCfg = Release|Any CPU
		{590BC90E-AADA-4D22-8274-11EA80189D9F}.Release|Any CPU.Build.0 = Release|Any CPU
		{1FED360C-7F97-4F16-BA6D-B63F20DC4F8F}.Debug|Any CPU.ActiveCfg = Debug|Any CPU
		{1FED360C-7F97-4F16-BA6D-B63F20DC4F8F}.Debug|Any CPU.Build.0 = Debug|Any CPU
		{1FED360C-7F97-4F16-BA6D-B63F20DC4F8F}.Release|Any CPU.ActiveCfg = Release|Any CPU
		{1FED360C-7F97-4F16-BA6D-B63F20DC4F8F}.Release|Any CPU.Build.0 = Release|Any CPU
		{A0473AF2-758C-4D7B-8431-BB9BFCE11721}.Debug|Any CPU.ActiveCfg = Debug|Any CPU
		{A0473AF2-758C-4D7B-8431-BB9BFCE11721}.Debug|Any CPU.Build.0 = Debug|Any CPU
		{A0473AF2-758C-4D7B-8431-BB9BFCE11721}.Release|Any CPU.ActiveCfg = Release|Any CPU
		{A0473AF2-758C-4D7B-8431-BB9BFCE11721}.Release|Any CPU.Build.0 = Release|Any CPU
		{E64CAC20-2366-42B2-9507-66CC5DA77FC1}.Debug|Any CPU.ActiveCfg = Debug|Any CPU
		{E64CAC20-2366-42B2-9507-66CC5DA77FC1}.Debug|Any CPU.Build.0 = Debug|Any CPU
		{E64CAC20-2366-42B2-9507-66CC5DA77FC1}.Release|Any CPU.ActiveCfg = Release|Any CPU
		{E64CAC20-2366-42B2-9507-66CC5DA77FC1}.Release|Any CPU.Build.0 = Release|Any CPU
		{72EA0850-F24D-480B-90AD-3F69B2AA9DCD}.Debug|Any CPU.ActiveCfg = Debug|Any CPU
		{72EA0850-F24D-480B-90AD-3F69B2AA9DCD}.Debug|Any CPU.Build.0 = Debug|Any CPU
		{72EA0850-F24D-480B-90AD-3F69B2AA9DCD}.Release|Any CPU.ActiveCfg = Release|Any CPU
		{72EA0850-F24D-480B-90AD-3F69B2AA9DCD}.Release|Any CPU.Build.0 = Release|Any CPU
		{946B6ECF-E340-412D-97B5-B671212151AC}.Debug|Any CPU.ActiveCfg = Debug|Any CPU
		{946B6ECF-E340-412D-97B5-B671212151AC}.Debug|Any CPU.Build.0 = Debug|Any CPU
		{946B6ECF-E340-412D-97B5-B671212151AC}.Release|Any CPU.ActiveCfg = Release|Any CPU
		{946B6ECF-E340-412D-97B5-B671212151AC}.Release|Any CPU.Build.0 = Release|Any CPU
		{BF43A762-D031-445B-B794-C0033C560A6E}.Debug|Any CPU.ActiveCfg = Debug|Any CPU
		{BF43A762-D031-445B-B794-C0033C560A6E}.Debug|Any CPU.Build.0 = Debug|Any CPU
		{BF43A762-D031-445B-B794-C0033C560A6E}.Release|Any CPU.ActiveCfg = Release|Any CPU
		{BF43A762-D031-445B-B794-C0033C560A6E}.Release|Any CPU.Build.0 = Release|Any CPU
		{15EC217A-C12D-4898-B904-934CAFEC618D}.Debug|Any CPU.ActiveCfg = Debug|Any CPU
		{15EC217A-C12D-4898-B904-934CAFEC618D}.Debug|Any CPU.Build.0 = Debug|Any CPU
		{15EC217A-C12D-4898-B904-934CAFEC618D}.Release|Any CPU.ActiveCfg = Release|Any CPU
		{15EC217A-C12D-4898-B904-934CAFEC618D}.Release|Any CPU.Build.0 = Release|Any CPU
		{F5DAB069-4374-4E18-8ADE-15C5AE72CA99}.Debug|Any CPU.ActiveCfg = Debug|Any CPU
		{F5DAB069-4374-4E18-8ADE-15C5AE72CA99}.Debug|Any CPU.Build.0 = Debug|Any CPU
		{F5DAB069-4374-4E18-8ADE-15C5AE72CA99}.Release|Any CPU.ActiveCfg = Release|Any CPU
		{F5DAB069-4374-4E18-8ADE-15C5AE72CA99}.Release|Any CPU.Build.0 = Release|Any CPU
		{2F3F0321-7093-4C88-8F2E-1D7FD6B1C12C}.Debug|Any CPU.ActiveCfg = Debug|Any CPU
		{2F3F0321-7093-4C88-8F2E-1D7FD6B1C12C}.Debug|Any CPU.Build.0 = Debug|Any CPU
		{2F3F0321-7093-4C88-8F2E-1D7FD6B1C12C}.Release|Any CPU.ActiveCfg = Release|Any CPU
		{2F3F0321-7093-4C88-8F2E-1D7FD6B1C12C}.Release|Any CPU.Build.0 = Release|Any CPU
		{1354F6EE-362F-47C4-B2FC-81969D7C68A1}.Debug|Any CPU.ActiveCfg = Debug|Any CPU
		{1354F6EE-362F-47C4-B2FC-81969D7C68A1}.Debug|Any CPU.Build.0 = Debug|Any CPU
		{1354F6EE-362F-47C4-B2FC-81969D7C68A1}.Release|Any CPU.ActiveCfg = Release|Any CPU
		{1354F6EE-362F-47C4-B2FC-81969D7C68A1}.Release|Any CPU.Build.0 = Release|Any CPU
		{B52465C6-D735-46E8-A885-5F3B7EA25E70}.Debug|Any CPU.ActiveCfg = Debug|Any CPU
		{B52465C6-D735-46E8-A885-5F3B7EA25E70}.Debug|Any CPU.Build.0 = Debug|Any CPU
		{B52465C6-D735-46E8-A885-5F3B7EA25E70}.Release|Any CPU.ActiveCfg = Release|Any CPU
		{B52465C6-D735-46E8-A885-5F3B7EA25E70}.Release|Any CPU.Build.0 = Release|Any CPU
		{BF90EE0A-A4B4-4718-8454-15A4F815644C}.Debug|Any CPU.ActiveCfg = Debug|Any CPU
		{BF90EE0A-A4B4-4718-8454-15A4F815644C}.Debug|Any CPU.Build.0 = Debug|Any CPU
		{BF90EE0A-A4B4-4718-8454-15A4F815644C}.Release|Any CPU.ActiveCfg = Release|Any CPU
		{BF90EE0A-A4B4-4718-8454-15A4F815644C}.Release|Any CPU.Build.0 = Release|Any CPU
		{6CCD63E2-A66C-4D90-B7F3-375C4EF09EB5}.Debug|Any CPU.ActiveCfg = Debug|Any CPU
		{6CCD63E2-A66C-4D90-B7F3-375C4EF09EB5}.Debug|Any CPU.Build.0 = Debug|Any CPU
		{6CCD63E2-A66C-4D90-B7F3-375C4EF09EB5}.Release|Any CPU.ActiveCfg = Release|Any CPU
		{6CCD63E2-A66C-4D90-B7F3-375C4EF09EB5}.Release|Any CPU.Build.0 = Release|Any CPU
		{60A9A633-5A22-49C5-AE4D-A50576C424D4}.Debug|Any CPU.ActiveCfg = Debug|Any CPU
		{60A9A633-5A22-49C5-AE4D-A50576C424D4}.Debug|Any CPU.Build.0 = Debug|Any CPU
		{60A9A633-5A22-49C5-AE4D-A50576C424D4}.Release|Any CPU.ActiveCfg = Release|Any CPU
		{60A9A633-5A22-49C5-AE4D-A50576C424D4}.Release|Any CPU.Build.0 = Release|Any CPU
		{033F737E-17BC-4602-97AD-318503D0B872}.Debug|Any CPU.ActiveCfg = Debug|Any CPU
		{033F737E-17BC-4602-97AD-318503D0B872}.Debug|Any CPU.Build.0 = Debug|Any CPU
		{033F737E-17BC-4602-97AD-318503D0B872}.Release|Any CPU.ActiveCfg = Release|Any CPU
		{033F737E-17BC-4602-97AD-318503D0B872}.Release|Any CPU.Build.0 = Release|Any CPU
		{53EF0A77-C65B-48D7-84FD-13043696A77A}.Debug|Any CPU.ActiveCfg = Debug|Any CPU
		{53EF0A77-C65B-48D7-84FD-13043696A77A}.Debug|Any CPU.Build.0 = Debug|Any CPU
		{53EF0A77-C65B-48D7-84FD-13043696A77A}.Release|Any CPU.ActiveCfg = Release|Any CPU
		{53EF0A77-C65B-48D7-84FD-13043696A77A}.Release|Any CPU.Build.0 = Release|Any CPU
		{D9F4B632-D458-43F4-94CB-5FAFBD41F545}.Debug|Any CPU.ActiveCfg = Debug|Any CPU
		{D9F4B632-D458-43F4-94CB-5FAFBD41F545}.Debug|Any CPU.Build.0 = Debug|Any CPU
		{D9F4B632-D458-43F4-94CB-5FAFBD41F545}.Release|Any CPU.ActiveCfg = Release|Any CPU
		{D9F4B632-D458-43F4-94CB-5FAFBD41F545}.Release|Any CPU.Build.0 = Release|Any CPU
		{5001C4AF-9FA5-4888-8A7D-A0881F21717D}.Debug|Any CPU.ActiveCfg = Debug|Any CPU
		{5001C4AF-9FA5-4888-8A7D-A0881F21717D}.Debug|Any CPU.Build.0 = Debug|Any CPU
		{5001C4AF-9FA5-4888-8A7D-A0881F21717D}.Release|Any CPU.ActiveCfg = Release|Any CPU
		{5001C4AF-9FA5-4888-8A7D-A0881F21717D}.Release|Any CPU.Build.0 = Release|Any CPU
		{D78A7C1A-9287-4532-8488-0017E55A9CC3}.Debug|Any CPU.ActiveCfg = Debug|Any CPU
		{D78A7C1A-9287-4532-8488-0017E55A9CC3}.Debug|Any CPU.Build.0 = Debug|Any CPU
		{D78A7C1A-9287-4532-8488-0017E55A9CC3}.Release|Any CPU.ActiveCfg = Release|Any CPU
		{D78A7C1A-9287-4532-8488-0017E55A9CC3}.Release|Any CPU.Build.0 = Release|Any CPU
		{860EC73C-F036-4807-A0B3-5B946849BD88}.Debug|Any CPU.ActiveCfg = Debug|Any CPU
		{860EC73C-F036-4807-A0B3-5B946849BD88}.Debug|Any CPU.Build.0 = Debug|Any CPU
		{860EC73C-F036-4807-A0B3-5B946849BD88}.Release|Any CPU.ActiveCfg = Release|Any CPU
		{860EC73C-F036-4807-A0B3-5B946849BD88}.Release|Any CPU.Build.0 = Release|Any CPU
		{180B8654-F218-4DA4-AB1E-7A0945A4A4F9}.Debug|Any CPU.ActiveCfg = Debug|Any CPU
		{180B8654-F218-4DA4-AB1E-7A0945A4A4F9}.Debug|Any CPU.Build.0 = Debug|Any CPU
		{180B8654-F218-4DA4-AB1E-7A0945A4A4F9}.Release|Any CPU.ActiveCfg = Release|Any CPU
		{180B8654-F218-4DA4-AB1E-7A0945A4A4F9}.Release|Any CPU.Build.0 = Release|Any CPU
		{BF2F6F5E-7544-4B85-B377-4127C7ABFA90}.Debug|Any CPU.ActiveCfg = Debug|Any CPU
		{BF2F6F5E-7544-4B85-B377-4127C7ABFA90}.Debug|Any CPU.Build.0 = Debug|Any CPU
		{BF2F6F5E-7544-4B85-B377-4127C7ABFA90}.Release|Any CPU.ActiveCfg = Release|Any CPU
		{BF2F6F5E-7544-4B85-B377-4127C7ABFA90}.Release|Any CPU.Build.0 = Release|Any CPU
		{BAE7B9DB-6696-4AE0-B3F0-E6761AA704E1}.Debug|Any CPU.ActiveCfg = Debug|Any CPU
		{BAE7B9DB-6696-4AE0-B3F0-E6761AA704E1}.Debug|Any CPU.Build.0 = Debug|Any CPU
		{BAE7B9DB-6696-4AE0-B3F0-E6761AA704E1}.Release|Any CPU.ActiveCfg = Release|Any CPU
		{BAE7B9DB-6696-4AE0-B3F0-E6761AA704E1}.Release|Any CPU.Build.0 = Release|Any CPU
		{188FA1D1-33B8-44FE-AF08-5B4E44C2F395}.Debug|Any CPU.ActiveCfg = Debug|Any CPU
		{188FA1D1-33B8-44FE-AF08-5B4E44C2F395}.Debug|Any CPU.Build.0 = Debug|Any CPU
		{188FA1D1-33B8-44FE-AF08-5B4E44C2F395}.Release|Any CPU.ActiveCfg = Release|Any CPU
		{188FA1D1-33B8-44FE-AF08-5B4E44C2F395}.Release|Any CPU.Build.0 = Release|Any CPU
		{F5E6E2F3-58B7-4B75-9DFA-0AAF208E95DE}.Debug|Any CPU.ActiveCfg = Debug|Any CPU
		{F5E6E2F3-58B7-4B75-9DFA-0AAF208E95DE}.Debug|Any CPU.Build.0 = Debug|Any CPU
		{F5E6E2F3-58B7-4B75-9DFA-0AAF208E95DE}.Release|Any CPU.ActiveCfg = Release|Any CPU
		{F5E6E2F3-58B7-4B75-9DFA-0AAF208E95DE}.Release|Any CPU.Build.0 = Release|Any CPU
		{888F9040-AB0C-43F6-BB3C-07868C8CA149}.Debug|Any CPU.ActiveCfg = Debug|Any CPU
		{888F9040-AB0C-43F6-BB3C-07868C8CA149}.Debug|Any CPU.Build.0 = Debug|Any CPU
		{888F9040-AB0C-43F6-BB3C-07868C8CA149}.Release|Any CPU.ActiveCfg = Release|Any CPU
		{888F9040-AB0C-43F6-BB3C-07868C8CA149}.Release|Any CPU.Build.0 = Release|Any CPU
		{19CF583C-DC71-468C-8169-7DFB6727C736}.Debug|Any CPU.ActiveCfg = Debug|Any CPU
		{19CF583C-DC71-468C-8169-7DFB6727C736}.Debug|Any CPU.Build.0 = Debug|Any CPU
		{19CF583C-DC71-468C-8169-7DFB6727C736}.Release|Any CPU.ActiveCfg = Release|Any CPU
		{19CF583C-DC71-468C-8169-7DFB6727C736}.Release|Any CPU.Build.0 = Release|Any CPU
		{327F78A4-CA98-419C-9CE5-43F7BB55A808}.Debug|Any CPU.ActiveCfg = Debug|Any CPU
		{327F78A4-CA98-419C-9CE5-43F7BB55A808}.Debug|Any CPU.Build.0 = Debug|Any CPU
		{327F78A4-CA98-419C-9CE5-43F7BB55A808}.Release|Any CPU.ActiveCfg = Release|Any CPU
		{327F78A4-CA98-419C-9CE5-43F7BB55A808}.Release|Any CPU.Build.0 = Release|Any CPU
		{5A6A8886-5B8A-4DB8-A600-634C6238F9AA}.Debug|Any CPU.ActiveCfg = Debug|Any CPU
		{5A6A8886-5B8A-4DB8-A600-634C6238F9AA}.Debug|Any CPU.Build.0 = Debug|Any CPU
		{5A6A8886-5B8A-4DB8-A600-634C6238F9AA}.Release|Any CPU.ActiveCfg = Release|Any CPU
		{5A6A8886-5B8A-4DB8-A600-634C6238F9AA}.Release|Any CPU.Build.0 = Release|Any CPU
	EndGlobalSection
	GlobalSection(SolutionProperties) = preSolution
		HideSolutionNode = FALSE
	EndGlobalSection
	GlobalSection(NestedProjects) = preSolution
		{35D4480E-52BC-441B-889A-92D7FD43D067} = {A2F113C8-9C81-4A5A-B2A9-8A57053DCDC6}
		{7086D452-6552-418F-8E52-1F811B140D29} = {A2F113C8-9C81-4A5A-B2A9-8A57053DCDC6}
		{5601387B-D8C3-4AC9-A458-0281C76A69A6} = {A2F113C8-9C81-4A5A-B2A9-8A57053DCDC6}
		{615935AB-3FF2-4266-AEE7-385D2E98133B} = {A2F113C8-9C81-4A5A-B2A9-8A57053DCDC6}
		{A3D2B1A9-F7EE-42C1-8559-A245569E82E0} = {A2F113C8-9C81-4A5A-B2A9-8A57053DCDC6}
		{594FEC83-51BD-44EB-9640-CCEA72F9FB73} = {A2F113C8-9C81-4A5A-B2A9-8A57053DCDC6}
		{C213F0C2-DCB0-4CDA-BB23-3B303EFA7E64} = {A2F113C8-9C81-4A5A-B2A9-8A57053DCDC6}
		{CF62A1E6-82BE-4B73-8292-1C32F1A2BE13} = {FD252076-E83F-48F3-994F-6C7CE3D5FE32}
		{87A3D3D7-4F74-4C01-A7BE-2CFAE4BAE75D} = {A2F113C8-9C81-4A5A-B2A9-8A57053DCDC6}
		{7588DB98-DAD4-474B-A772-4A863F1E08AF} = {A2F113C8-9C81-4A5A-B2A9-8A57053DCDC6}
		{1182D8BB-F28F-48B2-853C-00E80F98EEB9} = {A2F113C8-9C81-4A5A-B2A9-8A57053DCDC6}
		{1B23FFA0-579C-4DD2-A192-D2D2971E2BFA} = {A2F113C8-9C81-4A5A-B2A9-8A57053DCDC6}
		{E9C29786-3A4D-4504-B629-AADDD55F5B34} = {A2F113C8-9C81-4A5A-B2A9-8A57053DCDC6}
		{DCCDF1F9-EF30-41F1-B3ED-08D768715E9A} = {1196D6D9-DFC7-42A3-B76C-DF1D77BE8228}
		{97BBA731-4FFA-47B0-A835-C282EED1E788} = {1196D6D9-DFC7-42A3-B76C-DF1D77BE8228}
		{8012CC8B-32E6-4DE7-8F0C-CD2300FA1349} = {A2F113C8-9C81-4A5A-B2A9-8A57053DCDC6}
		{590BC90E-AADA-4D22-8274-11EA80189D9F} = {1196D6D9-DFC7-42A3-B76C-DF1D77BE8228}
		{1FED360C-7F97-4F16-BA6D-B63F20DC4F8F} = {1196D6D9-DFC7-42A3-B76C-DF1D77BE8228}
		{A0473AF2-758C-4D7B-8431-BB9BFCE11721} = {A2F113C8-9C81-4A5A-B2A9-8A57053DCDC6}
		{E64CAC20-2366-42B2-9507-66CC5DA77FC1} = {A2F113C8-9C81-4A5A-B2A9-8A57053DCDC6}
		{72EA0850-F24D-480B-90AD-3F69B2AA9DCD} = {A2F113C8-9C81-4A5A-B2A9-8A57053DCDC6}
		{946B6ECF-E340-412D-97B5-B671212151AC} = {1196D6D9-DFC7-42A3-B76C-DF1D77BE8228}
		{BF43A762-D031-445B-B794-C0033C560A6E} = {A2F113C8-9C81-4A5A-B2A9-8A57053DCDC6}
		{15EC217A-C12D-4898-B904-934CAFEC618D} = {A2F113C8-9C81-4A5A-B2A9-8A57053DCDC6}
		{F5DAB069-4374-4E18-8ADE-15C5AE72CA99} = {1196D6D9-DFC7-42A3-B76C-DF1D77BE8228}
		{2F3F0321-7093-4C88-8F2E-1D7FD6B1C12C} = {1196D6D9-DFC7-42A3-B76C-DF1D77BE8228}
		{1354F6EE-362F-47C4-B2FC-81969D7C68A1} = {A2F113C8-9C81-4A5A-B2A9-8A57053DCDC6}
		{B52465C6-D735-46E8-A885-5F3B7EA25E70} = {1196D6D9-DFC7-42A3-B76C-DF1D77BE8228}
		{BF90EE0A-A4B4-4718-8454-15A4F815644C} = {1196D6D9-DFC7-42A3-B76C-DF1D77BE8228}
		{6CCD63E2-A66C-4D90-B7F3-375C4EF09EB5} = {1196D6D9-DFC7-42A3-B76C-DF1D77BE8228}
		{60A9A633-5A22-49C5-AE4D-A50576C424D4} = {1196D6D9-DFC7-42A3-B76C-DF1D77BE8228}
		{033F737E-17BC-4602-97AD-318503D0B872} = {1196D6D9-DFC7-42A3-B76C-DF1D77BE8228}
		{53EF0A77-C65B-48D7-84FD-13043696A77A} = {1196D6D9-DFC7-42A3-B76C-DF1D77BE8228}
		{D9F4B632-D458-43F4-94CB-5FAFBD41F545} = {1196D6D9-DFC7-42A3-B76C-DF1D77BE8228}
		{5001C4AF-9FA5-4888-8A7D-A0881F21717D} = {FD252076-E83F-48F3-994F-6C7CE3D5FE32}
		{D78A7C1A-9287-4532-8488-0017E55A9CC3} = {1196D6D9-DFC7-42A3-B76C-DF1D77BE8228}
		{860EC73C-F036-4807-A0B3-5B946849BD88} = {A2F113C8-9C81-4A5A-B2A9-8A57053DCDC6}
		{180B8654-F218-4DA4-AB1E-7A0945A4A4F9} = {A2F113C8-9C81-4A5A-B2A9-8A57053DCDC6}
		{BF2F6F5E-7544-4B85-B377-4127C7ABFA90} = {FD252076-E83F-48F3-994F-6C7CE3D5FE32}
		{BAE7B9DB-6696-4AE0-B3F0-E6761AA704E1} = {9D372F2B-7DBC-41C4-9DA0-FD277F51991E}
		{188FA1D1-33B8-44FE-AF08-5B4E44C2F395} = {9D372F2B-7DBC-41C4-9DA0-FD277F51991E}
		{F5E6E2F3-58B7-4B75-9DFA-0AAF208E95DE} = {9D372F2B-7DBC-41C4-9DA0-FD277F51991E}
		{888F9040-AB0C-43F6-BB3C-07868C8CA149} = {87D76731-E7C5-4CCA-9787-D981D11B7121}
		{19CF583C-DC71-468C-8169-7DFB6727C736} = {87D76731-E7C5-4CCA-9787-D981D11B7121}
		{327F78A4-CA98-419C-9CE5-43F7BB55A808} = {A2F113C8-9C81-4A5A-B2A9-8A57053DCDC6}
		{5A6A8886-5B8A-4DB8-A600-634C6238F9AA} = {A2F113C8-9C81-4A5A-B2A9-8A57053DCDC6}
	EndGlobalSection
	GlobalSection(ExtensibilityGlobals) = postSolution
		SolutionGuid = {611D7667-3FA6-4D4A-8C94-0966DA74DCDF}
	EndGlobalSection
EndGlobal
